<?xml version="1.0" encoding="utf-8"?>
<Project ToolsVersion="4.0" xmlns="http://schemas.microsoft.com/developer/msbuild/2003">
  <ItemGroup>
    <Filter Include="core">
      <UniqueIdentifier>{38444b06-4a6c-4be8-b7d9-e9421652e974}</UniqueIdentifier>
    </Filter>
    <Filter Include="core\atomic">
      <UniqueIdentifier>{c092c171-41b3-495d-8716-48e4115a2426}</UniqueIdentifier>
    </Filter>
    <Filter Include="core\cfg">
      <UniqueIdentifier>{3c15ef03-1e30-4e1b-97f9-c3e8592059c8}</UniqueIdentifier>
    </Filter>
    <Filter Include="core\mem">
      <UniqueIdentifier>{1a54422f-0df2-4afa-9e98-d265ff66a28a}</UniqueIdentifier>
    </Filter>
    <Filter Include="core\parser">
      <UniqueIdentifier>{75c8b876-93d0-4ce2-9c07-811786a83c8f}</UniqueIdentifier>
    </Filter>
    <Filter Include="core\parser\contact">
      <UniqueIdentifier>{5ae091ab-d4cb-4933-aa1e-6047b38de804}</UniqueIdentifier>
    </Filter>
    <Filter Include="core\parser\digest">
      <UniqueIdentifier>{d75d3b2b-e98d-41ca-a461-de124799a890}</UniqueIdentifier>
    </Filter>
    <Filter Include="core\parser\sdp">
      <UniqueIdentifier>{f2d309e7-c2d4-4adc-932e-5768c39cd3c9}</UniqueIdentifier>
    </Filter>
    <Filter Include="core\rand">
      <UniqueIdentifier>{dbe37fbf-62c6-41da-a7ed-60ccad5ca05b}</UniqueIdentifier>
    </Filter>
    <Filter Include="core\rand\isaac">
      <UniqueIdentifier>{fde8f4b8-d87e-4f23-8bfd-639992db0301}</UniqueIdentifier>
    </Filter>
    <Filter Include="lib">
      <UniqueIdentifier>{556fd772-9646-43f5-a11a-a250bfa473a6}</UniqueIdentifier>
    </Filter>
    <Filter Include="modules">
      <UniqueIdentifier>{77b09488-efd5-4b27-a0f9-5332c9b6f660}</UniqueIdentifier>
    </Filter>
    <Filter Include="modules\acc">
      <UniqueIdentifier>{7e316fd1-c6ee-45c8-99bc-4b229483ee4d}</UniqueIdentifier>
    </Filter>
    <Filter Include="modules\acc\doc">
      <UniqueIdentifier>{66169704-1d9f-42e1-be12-a8a2cedef459}</UniqueIdentifier>
    </Filter>
    <Filter Include="lib\print">
      <UniqueIdentifier>{0a7a6138-cde6-4d16-b27b-ff7841e083c1}</UniqueIdentifier>
    </Filter>
    <Filter Include="lib\cds">
      <UniqueIdentifier>{38814c35-b582-4211-bede-56607439beb4}</UniqueIdentifier>
    </Filter>
    <Filter Include="lib\presence">
      <UniqueIdentifier>{15d0dcfe-4a6a-456f-b2ef-0a75b758f2da}</UniqueIdentifier>
    </Filter>
    <Filter Include="modules\uid_auth_db">
      <UniqueIdentifier>{f24641db-a0c7-45bf-a49f-e41547e3da79}</UniqueIdentifier>
    </Filter>
    <Filter Include="modules\srdb2">
      <UniqueIdentifier>{cc57a06b-e026-4948-af2f-d6efab0fc8a4}</UniqueIdentifier>
    </Filter>
    <Filter Include="modules\srdb2\schema">
      <UniqueIdentifier>{5886a1d7-feef-4e38-b031-818d2e8ed1d8}</UniqueIdentifier>
    </Filter>
    <Filter Include="lib\srdb1">
      <UniqueIdentifier>{af2b8fd2-8e3a-42cf-9990-3a9d184ecbe6}</UniqueIdentifier>
    </Filter>
    <Filter Include="lib\srdb1\schema">
      <UniqueIdentifier>{860923c6-304f-4165-b3ec-7a4cbfdb4b86}</UniqueIdentifier>
    </Filter>
    <Filter Include="modules\acc_diameter">
      <UniqueIdentifier>{3bdcd71e-def7-42bf-9769-446eeb11782e}</UniqueIdentifier>
    </Filter>
    <Filter Include="modules\acc_diameter\doc">
      <UniqueIdentifier>{a057a669-a8f2-4b7b-bf41-76e469d0f44e}</UniqueIdentifier>
    </Filter>
    <Filter Include="lib\doc">
      <UniqueIdentifier>{c97c686b-8423-4d2b-a590-3f46c856be74}</UniqueIdentifier>
    </Filter>
    <Filter Include="lib\binrpc">
      <UniqueIdentifier>{76083728-1ab9-4629-ac47-104fc275cad9}</UniqueIdentifier>
    </Filter>
    <Filter Include="lib\ims">
      <UniqueIdentifier>{51d41b9a-a861-4b00-8d83-2be1772e26cd}</UniqueIdentifier>
    </Filter>
    <Filter Include="lib\shm_regex">
      <UniqueIdentifier>{6b9d3fc3-fb46-44ed-a869-9205a3f7dd0d}</UniqueIdentifier>
    </Filter>
    <Filter Include="lib\srdb2">
      <UniqueIdentifier>{6365a482-0f14-4f52-9b3f-92ef3056f33e}</UniqueIdentifier>
    </Filter>
    <Filter Include="lib\srutils">
      <UniqueIdentifier>{28f6e116-e789-4db8-aa1c-45745cf808e1}</UniqueIdentifier>
    </Filter>
    <Filter Include="lib\trie">
      <UniqueIdentifier>{d8c9a051-b260-4a32-a405-eaf7324419d1}</UniqueIdentifier>
    </Filter>
    <Filter Include="lib\xcap">
      <UniqueIdentifier>{0aa03f8a-5acb-466b-80a6-51609497c278}</UniqueIdentifier>
    </Filter>
    <Filter Include="lib\cds\doc">
      <UniqueIdentifier>{928418c4-10e6-432b-b6de-cf664b7bb68a}</UniqueIdentifier>
    </Filter>
    <Filter Include="lib\presence\doc">
      <UniqueIdentifier>{c60243fd-38f6-4892-ba3f-8fb30e9b15d1}</UniqueIdentifier>
    </Filter>
    <Filter Include="lib\srdb2\schema">
      <UniqueIdentifier>{b34a7f50-9e7f-4757-acd6-4dbf6e465156}</UniqueIdentifier>
    </Filter>
  </ItemGroup>
  <ItemGroup>
    <ClCompile Include="core\action.c">
      <Filter>core</Filter>
    </ClCompile>
    <ClCompile Include="core\async_task.c">
      <Filter>core</Filter>
    </ClCompile>
    <ClCompile Include="core\atomic_ops.c">
      <Filter>core</Filter>
    </ClCompile>
    <ClCompile Include="core\basex.c">
      <Filter>core</Filter>
    </ClCompile>
    <ClCompile Include="core\bit_count.c">
      <Filter>core</Filter>
    </ClCompile>
    <ClCompile Include="core\bit_scan.c">
      <Filter>core</Filter>
    </ClCompile>
    <ClCompile Include="core\cfg_core.c">
      <Filter>core</Filter>
    </ClCompile>
    <ClCompile Include="core\cfg_parser.c">
      <Filter>core</Filter>
    </ClCompile>
    <ClCompile Include="core\core_cmd.c">
      <Filter>core</Filter>
    </ClCompile>
    <ClCompile Include="core\counters.c">
      <Filter>core</Filter>
    </ClCompile>
    <ClCompile Include="core\crc.c">
      <Filter>core</Filter>
    </ClCompile>
    <ClCompile Include="core\daemonize.c">
      <Filter>core</Filter>
    </ClCompile>
    <ClCompile Include="core\data_lump.c">
      <Filter>core</Filter>
    </ClCompile>
    <ClCompile Include="core\data_lump_rpl.c">
      <Filter>core</Filter>
    </ClCompile>
    <ClCompile Include="core\dns_cache.c">
      <Filter>core</Filter>
    </ClCompile>
    <ClCompile Include="core\dns_func.c">
      <Filter>core</Filter>
    </ClCompile>
    <ClCompile Include="core\dprint.c">
      <Filter>core</Filter>
    </ClCompile>
    <ClCompile Include="core\dset.c">
      <Filter>core</Filter>
    </ClCompile>
    <ClCompile Include="core\dst_blacklist.c">
      <Filter>core</Filter>
    </ClCompile>
    <ClCompile Include="core\endianness.c">
      <Filter>core</Filter>
    </ClCompile>
    <ClCompile Include="core\error.c">
      <Filter>core</Filter>
    </ClCompile>
    <ClCompile Include="core\events.c">
      <Filter>core</Filter>
    </ClCompile>
    <ClCompile Include="core\flags.c">
      <Filter>core</Filter>
    </ClCompile>
    <ClCompile Include="core\fmsg.c">
      <Filter>core</Filter>
    </ClCompile>
    <ClCompile Include="core\forward.c">
      <Filter>core</Filter>
    </ClCompile>
    <ClCompile Include="core\hash_func.c">
      <Filter>core</Filter>
    </ClCompile>
    <ClCompile Include="core\id.c">
      <Filter>core</Filter>
    </ClCompile>
    <ClCompile Include="core\io_wait.c">
      <Filter>core</Filter>
    </ClCompile>
    <ClCompile Include="core\ip_addr.c">
      <Filter>core</Filter>
    </ClCompile>
    <ClCompile Include="core\kemi.c">
      <Filter>core</Filter>
    </ClCompile>
    <ClCompile Include="core\local_timer.c">
      <Filter>core</Filter>
    </ClCompile>
    <ClCompile Include="core\lock_ops.c">
      <Filter>core</Filter>
    </ClCompile>
    <ClCompile Include="core\locking.c">
      <Filter>core</Filter>
    </ClCompile>
    <ClCompile Include="core\lvalue.c">
      <Filter>core</Filter>
    </ClCompile>
    <ClCompile Include="core\md5.c">
      <Filter>core</Filter>
    </ClCompile>
    <ClCompile Include="core\md5utils.c">
      <Filter>core</Filter>
    </ClCompile>
    <ClCompile Include="core\mod_fix.c">
      <Filter>core</Filter>
    </ClCompile>
    <ClCompile Include="core\modparam.c">
      <Filter>core</Filter>
    </ClCompile>
    <ClCompile Include="core\msg_translator.c">
      <Filter>core</Filter>
    </ClCompile>
    <ClCompile Include="core\nonsip_hooks.c">
      <Filter>core</Filter>
    </ClCompile>
    <ClCompile Include="core\pass_fd.c">
      <Filter>core</Filter>
    </ClCompile>
    <ClCompile Include="core\ppcfg.c">
      <Filter>core</Filter>
    </ClCompile>
    <ClCompile Include="core\proxy.c">
      <Filter>core</Filter>
    </ClCompile>
    <ClCompile Include="core\pt.c">
      <Filter>core</Filter>
    </ClCompile>
    <ClCompile Include="core\pv_core.c">
      <Filter>core</Filter>
    </ClCompile>
    <ClCompile Include="core\pvapi.c">
      <Filter>core</Filter>
    </ClCompile>
    <ClCompile Include="core\qvalue.c">
      <Filter>core</Filter>
    </ClCompile>
    <ClCompile Include="core\raw_listener.c">
      <Filter>core</Filter>
    </ClCompile>
    <ClCompile Include="core\raw_sock.c">
      <Filter>core</Filter>
    </ClCompile>
    <ClCompile Include="core\re.c">
      <Filter>core</Filter>
    </ClCompile>
    <ClCompile Include="core\receive.c">
      <Filter>core</Filter>
    </ClCompile>
    <ClCompile Include="core\resolve.c">
      <Filter>core</Filter>
    </ClCompile>
    <ClCompile Include="core\route.c">
      <Filter>core</Filter>
    </ClCompile>
    <ClCompile Include="core\route_struct.c">
      <Filter>core</Filter>
    </ClCompile>
    <ClCompile Include="core\rpc_lookup.c">
      <Filter>core</Filter>
    </ClCompile>
    <ClCompile Include="core\rvalue.c">
      <Filter>core</Filter>
    </ClCompile>
    <ClCompile Include="core\script_cb.c">
      <Filter>core</Filter>
    </ClCompile>
    <ClCompile Include="core\sctp_core.c">
      <Filter>core</Filter>
    </ClCompile>
    <ClCompile Include="core\select.c">
      <Filter>core</Filter>
    </ClCompile>
    <ClCompile Include="core\select_buf.c">
      <Filter>core</Filter>
    </ClCompile>
    <ClCompile Include="core\select_core.c">
      <Filter>core</Filter>
    </ClCompile>
    <ClCompile Include="core\shm_init.c">
      <Filter>core</Filter>
    </ClCompile>
    <ClCompile Include="core\signals.c">
      <Filter>core</Filter>
    </ClCompile>
    <ClCompile Include="core\sip_msg_clone.c">
      <Filter>core</Filter>
    </ClCompile>
    <ClCompile Include="core\sock_ut.c">
      <Filter>core</Filter>
    </ClCompile>
    <ClCompile Include="core\socket_info.c">
      <Filter>core</Filter>
    </ClCompile>
    <ClCompile Include="core\sr_compat.c">
      <Filter>core</Filter>
    </ClCompile>
    <ClCompile Include="core\sr_module.c">
      <Filter>core</Filter>
    </ClCompile>
    <ClCompile Include="core\srapi.c">
      <Filter>core</Filter>
    </ClCompile>
    <ClCompile Include="core\stats.c">
      <Filter>core</Filter>
    </ClCompile>
    <ClCompile Include="core\str.c">
      <Filter>core</Filter>
    </ClCompile>
    <ClCompile Include="core\str_list.c">
      <Filter>core</Filter>
    </ClCompile>
    <ClCompile Include="core\strutils.c">
      <Filter>core</Filter>
    </ClCompile>
    <ClCompile Include="core\stun.c">
      <Filter>core</Filter>
    </ClCompile>
    <ClCompile Include="core\switch.c">
      <Filter>core</Filter>
    </ClCompile>
    <ClCompile Include="core\tcp_main.c">
      <Filter>core</Filter>
    </ClCompile>
    <ClCompile Include="core\tcp_options.c">
      <Filter>core</Filter>
    </ClCompile>
    <ClCompile Include="core\tcp_read.c">
      <Filter>core</Filter>
    </ClCompile>
    <ClCompile Include="core\tcp_stats.c">
      <Filter>core</Filter>
    </ClCompile>
    <ClCompile Include="core\timer.c">
      <Filter>core</Filter>
    </ClCompile>
    <ClCompile Include="core\timer_proc.c">
      <Filter>core</Filter>
    </ClCompile>
    <ClCompile Include="core\tls_hooks.c">
      <Filter>core</Filter>
    </ClCompile>
    <ClCompile Include="core\tsend.c">
      <Filter>core</Filter>
    </ClCompile>
    <ClCompile Include="core\udp_server.c">
      <Filter>core</Filter>
    </ClCompile>
    <ClCompile Include="core\usr_avp.c">
      <Filter>core</Filter>
    </ClCompile>
    <ClCompile Include="core\ut.c">
      <Filter>core</Filter>
    </ClCompile>
    <ClCompile Include="core\ver.c">
      <Filter>core</Filter>
    </ClCompile>
    <ClCompile Include="core\xavp.c">
      <Filter>core</Filter>
    </ClCompile>
    <ClCompile Include="core\cfg\cfg.c">
      <Filter>core\cfg</Filter>
    </ClCompile>
    <ClCompile Include="core\cfg\cfg_ctx.c">
      <Filter>core\cfg</Filter>
    </ClCompile>
    <ClCompile Include="core\cfg\cfg_script.c">
      <Filter>core\cfg</Filter>
    </ClCompile>
    <ClCompile Include="core\cfg\cfg_select.c">
      <Filter>core\cfg</Filter>
    </ClCompile>
    <ClCompile Include="core\cfg\cfg_struct.c">
      <Filter>core\cfg</Filter>
    </ClCompile>
    <ClCompile Include="core\mem\dl_malloc.c">
      <Filter>core\mem</Filter>
    </ClCompile>
    <ClCompile Include="core\mem\f_malloc.c">
      <Filter>core\mem</Filter>
    </ClCompile>
    <ClCompile Include="core\mem\ll_malloc.c">
      <Filter>core\mem</Filter>
    </ClCompile>
    <ClCompile Include="core\mem\memtest.c">
      <Filter>core\mem</Filter>
    </ClCompile>
    <ClCompile Include="core\mem\pkg.c">
      <Filter>core\mem</Filter>
    </ClCompile>
    <ClCompile Include="core\mem\q_malloc.c">
      <Filter>core\mem</Filter>
    </ClCompile>
    <ClCompile Include="core\mem\sf_malloc.c">
      <Filter>core\mem</Filter>
    </ClCompile>
    <ClCompile Include="core\mem\shm.c">
      <Filter>core\mem</Filter>
    </ClCompile>
    <ClCompile Include="core\mem\tlsf_malloc.c">
      <Filter>core\mem</Filter>
    </ClCompile>
    <ClCompile Include="core\parser\hf.c">
      <Filter>core\parser</Filter>
    </ClCompile>
    <ClCompile Include="core\parser\msg_parser.c">
      <Filter>core\parser</Filter>
    </ClCompile>
    <ClCompile Include="core\parser\parse_addr_spec.c">
      <Filter>core\parser</Filter>
    </ClCompile>
    <ClCompile Include="core\parser\parse_allow.c">
      <Filter>core\parser</Filter>
    </ClCompile>
    <ClCompile Include="core\parser\parse_body.c">
      <Filter>core\parser</Filter>
    </ClCompile>
    <ClCompile Include="core\parser\parse_content.c">
      <Filter>core\parser</Filter>
    </ClCompile>
    <ClCompile Include="core\parser\parse_cseq.c">
      <Filter>core\parser</Filter>
    </ClCompile>
    <ClCompile Include="core\parser\parse_date.c">
      <Filter>core\parser</Filter>
    </ClCompile>
    <ClCompile Include="core\parser\parse_disposition.c">
      <Filter>core\parser</Filter>
    </ClCompile>
    <ClCompile Include="core\parser\parse_diversion.c">
      <Filter>core\parser</Filter>
    </ClCompile>
    <ClCompile Include="core\parser\parse_event.c">
      <Filter>core\parser</Filter>
    </ClCompile>
    <ClCompile Include="core\parser\parse_expires.c">
      <Filter>core\parser</Filter>
    </ClCompile>
    <ClCompile Include="core\parser\parse_fline.c">
      <Filter>core\parser</Filter>
    </ClCompile>
    <ClCompile Include="core\parser\parse_from.c">
      <Filter>core\parser</Filter>
    </ClCompile>
    <ClCompile Include="core\parser\parse_hname2.c">
      <Filter>core\parser</Filter>
    </ClCompile>
    <ClCompile Include="core\parser\parse_identity.c">
      <Filter>core\parser</Filter>
    </ClCompile>
    <ClCompile Include="core\parser\parse_identityinfo.c">
      <Filter>core\parser</Filter>
    </ClCompile>
    <ClCompile Include="core\parser\parse_methods.c">
      <Filter>core\parser</Filter>
    </ClCompile>
    <ClCompile Include="core\parser\parse_nameaddr.c">
      <Filter>core\parser</Filter>
    </ClCompile>
    <ClCompile Include="core\parser\parse_option_tags.c">
      <Filter>core\parser</Filter>
    </ClCompile>
    <ClCompile Include="core\parser\parse_param.c">
      <Filter>core\parser</Filter>
    </ClCompile>
    <ClCompile Include="core\parser\parse_ppi_pai.c">
      <Filter>core\parser</Filter>
    </ClCompile>
    <ClCompile Include="core\parser\parse_privacy.c">
      <Filter>core\parser</Filter>
    </ClCompile>
    <ClCompile Include="core\parser\parse_refer_to.c">
      <Filter>core\parser</Filter>
    </ClCompile>
    <ClCompile Include="core\parser\parse_require.c">
      <Filter>core\parser</Filter>
    </ClCompile>
    <ClCompile Include="core\parser\parse_retry_after.c">
      <Filter>core\parser</Filter>
    </ClCompile>
    <ClCompile Include="core\parser\parse_rpid.c">
      <Filter>core\parser</Filter>
    </ClCompile>
    <ClCompile Include="core\parser\parse_rr.c">
      <Filter>core\parser</Filter>
    </ClCompile>
    <ClCompile Include="core\parser\parse_sipifmatch.c">
      <Filter>core\parser</Filter>
    </ClCompile>
    <ClCompile Include="core\parser\parse_subscription_state.c">
      <Filter>core\parser</Filter>
    </ClCompile>
    <ClCompile Include="core\parser\parse_supported.c">
      <Filter>core\parser</Filter>
    </ClCompile>
    <ClCompile Include="core\parser\parse_to.c">
      <Filter>core\parser</Filter>
    </ClCompile>
    <ClCompile Include="core\parser\parse_uri.c">
      <Filter>core\parser</Filter>
    </ClCompile>
    <ClCompile Include="core\parser\parse_via.c">
      <Filter>core\parser</Filter>
    </ClCompile>
    <ClCompile Include="core\parser\parser_f.c">
      <Filter>core\parser</Filter>
    </ClCompile>
    <ClCompile Include="core\parser\contact\contact.c">
      <Filter>core\parser\contact</Filter>
    </ClCompile>
    <ClCompile Include="core\parser\contact\parse_contact.c">
      <Filter>core\parser\contact</Filter>
    </ClCompile>
    <ClCompile Include="core\parser\digest\digest.c">
      <Filter>core\parser\digest</Filter>
    </ClCompile>
    <ClCompile Include="core\parser\digest\digest_parser.c">
      <Filter>core\parser\digest</Filter>
    </ClCompile>
    <ClCompile Include="core\parser\digest\param_parser.c">
      <Filter>core\parser\digest</Filter>
    </ClCompile>
    <ClCompile Include="core\parser\sdp\sdp.c">
      <Filter>core\parser\sdp</Filter>
    </ClCompile>
    <ClCompile Include="core\parser\sdp\sdp_helpr_funcs.c">
      <Filter>core\parser\sdp</Filter>
    </ClCompile>
    <ClCompile Include="core\rand\fastrand.c">
      <Filter>core\rand</Filter>
    </ClCompile>
    <ClCompile Include="core\rand\isaac\rand.c">
      <Filter>core\rand\isaac</Filter>
    </ClCompile>
    <ClCompile Include="lib\binrpc\binrpc_api.c">
      <Filter>lib\binrpc</Filter>
    </ClCompile>
    <ClCompile Include="lib\cds\base64.c">
      <Filter>lib\cds</Filter>
    </ClCompile>
    <ClCompile Include="lib\cds\cds.c">
      <Filter>lib\cds</Filter>
    </ClCompile>
    <ClCompile Include="lib\cds\dbid.c">
      <Filter>lib\cds</Filter>
    </ClCompile>
    <ClCompile Include="lib\cds\dstring.c">
      <Filter>lib\cds</Filter>
    </ClCompile>
    <ClCompile Include="lib\cds\hash_table.c">
      <Filter>lib\cds</Filter>
    </ClCompile>
    <ClCompile Include="lib\cds\memory.c">
      <Filter>lib\cds</Filter>
    </ClCompile>
    <ClCompile Include="lib\cds\msg_queue.c">
      <Filter>lib\cds</Filter>
    </ClCompile>
    <ClCompile Include="lib\cds\ptr_vector.c">
      <Filter>lib\cds</Filter>
    </ClCompile>
    <ClCompile Include="lib\cds\ref_cntr.c">
      <Filter>lib\cds</Filter>
    </ClCompile>
    <ClCompile Include="lib\cds\rr_serialize.c">
      <Filter>lib\cds</Filter>
    </ClCompile>
    <ClCompile Include="lib\cds\ser_profile.c">
      <Filter>lib\cds</Filter>
    </ClCompile>
    <ClCompile Include="lib\cds\serialize.c">
      <Filter>lib\cds</Filter>
    </ClCompile>
    <ClCompile Include="lib\cds\simple_profile.c">
      <Filter>lib\cds</Filter>
    </ClCompile>
    <ClCompile Include="lib\cds\sip_utils.c">
      <Filter>lib\cds</Filter>
    </ClCompile>
    <ClCompile Include="lib\cds\sstr.c">
      <Filter>lib\cds</Filter>
    </ClCompile>
    <ClCompile Include="lib\cds\vector.c">
      <Filter>lib\cds</Filter>
    </ClCompile>
    <ClCompile Include="lib\ims\ims_getters.c">
      <Filter>lib\ims</Filter>
    </ClCompile>
    <ClCompile Include="lib\presence\domain_maintainer.c">
      <Filter>lib\presence</Filter>
    </ClCompile>
    <ClCompile Include="lib\presence\lpidf.c">
      <Filter>lib\presence</Filter>
    </ClCompile>
    <ClCompile Include="lib\presence\notifier_domain.c">
      <Filter>lib\presence</Filter>
    </ClCompile>
    <ClCompile Include="lib\presence\pidf.c">
      <Filter>lib\presence</Filter>
    </ClCompile>
    <ClCompile Include="lib\presence\pres_doc.c">
      <Filter>lib\presence</Filter>
    </ClCompile>
    <ClCompile Include="lib\presence\qsa.c">
      <Filter>lib\presence</Filter>
    </ClCompile>
    <ClCompile Include="lib\presence\qsa_params.c">
      <Filter>lib\presence</Filter>
    </ClCompile>
    <ClCompile Include="lib\presence\utils.c">
      <Filter>lib\presence</Filter>
    </ClCompile>
    <ClCompile Include="lib\presence\xml_utils.c">
      <Filter>lib\presence</Filter>
    </ClCompile>
    <ClCompile Include="lib\presence\xpidf.c">
      <Filter>lib\presence</Filter>
    </ClCompile>
    <ClCompile Include="lib\print\print.c">
      <Filter>lib\print</Filter>
    </ClCompile>
    <ClCompile Include="lib\shm_regex\shm_regex.c">
      <Filter>lib\shm_regex</Filter>
    </ClCompile>
    <ClCompile Include="lib\srdb1\db.c">
      <Filter>lib\srdb1</Filter>
    </ClCompile>
    <ClCompile Include="lib\srdb1\db_id.c">
      <Filter>lib\srdb1</Filter>
    </ClCompile>
    <ClCompile Include="lib\srdb1\db_pool.c">
      <Filter>lib\srdb1</Filter>
    </ClCompile>
    <ClCompile Include="lib\srdb1\db_query.c">
      <Filter>lib\srdb1</Filter>
    </ClCompile>
    <ClCompile Include="lib\srdb1\db_res.c">
      <Filter>lib\srdb1</Filter>
    </ClCompile>
    <ClCompile Include="lib\srdb1\db_row.c">
      <Filter>lib\srdb1</Filter>
    </ClCompile>
    <ClCompile Include="lib\srdb1\db_ut.c">
      <Filter>lib\srdb1</Filter>
    </ClCompile>
    <ClCompile Include="lib\srdb1\db_val.c">
      <Filter>lib\srdb1</Filter>
    </ClCompile>
    <ClCompile Include="lib\srdb2\db.c">
      <Filter>lib\srdb2</Filter>
    </ClCompile>
    <ClCompile Include="lib\srdb2\db_cmd.c">
      <Filter>lib\srdb2</Filter>
    </ClCompile>
    <ClCompile Include="lib\srdb2\db_con.c">
      <Filter>lib\srdb2</Filter>
    </ClCompile>
    <ClCompile Include="lib\srdb2\db_ctx.c">
      <Filter>lib\srdb2</Filter>
    </ClCompile>
    <ClCompile Include="lib\srdb2\db_drv.c">
      <Filter>lib\srdb2</Filter>
    </ClCompile>
    <ClCompile Include="lib\srdb2\db_fld.c">
      <Filter>lib\srdb2</Filter>
    </ClCompile>
    <ClCompile Include="lib\srdb2\db_gen.c">
      <Filter>lib\srdb2</Filter>
    </ClCompile>
    <ClCompile Include="lib\srdb2\db_pool.c">
      <Filter>lib\srdb2</Filter>
    </ClCompile>
    <ClCompile Include="lib\srdb2\db_rec.c">
      <Filter>lib\srdb2</Filter>
    </ClCompile>
    <ClCompile Include="lib\srdb2\db_res.c">
      <Filter>lib\srdb2</Filter>
    </ClCompile>
    <ClCompile Include="lib\srdb2\db_uri.c">
      <Filter>lib\srdb2</Filter>
    </ClCompile>
  </ItemGroup>
  <ItemGroup>
    <ClInclude Include="core\action.h">
      <Filter>core</Filter>
    </ClInclude>
    <ClInclude Include="core\async_task.h">
      <Filter>core</Filter>
    </ClInclude>
    <ClInclude Include="core\atomic_ops.h">
      <Filter>core</Filter>
    </ClInclude>
    <ClInclude Include="core\atomic_ops_init.h">
      <Filter>core</Filter>
    </ClInclude>
    <ClInclude Include="core\basex.h">
      <Filter>core</Filter>
    </ClInclude>
    <ClInclude Include="core\bit_count.h">
      <Filter>core</Filter>
    </ClInclude>
    <ClInclude Include="core\bit_scan.h">
      <Filter>core</Filter>
    </ClInclude>
    <ClInclude Include="core\bit_test.h">
      <Filter>core</Filter>
    </ClInclude>
    <ClInclude Include="core\cfg_core.h">
      <Filter>core</Filter>
    </ClInclude>
    <ClInclude Include="core\cfg_parser.h">
      <Filter>core</Filter>
    </ClInclude>
    <ClInclude Include="core\char_msg_val.h">
      <Filter>core</Filter>
    </ClInclude>
    <ClInclude Include="core\clist.h">
      <Filter>core</Filter>
    </ClInclude>
    <ClInclude Include="core\comp_defs.h">
      <Filter>core</Filter>
    </ClInclude>
    <ClInclude Include="core\compiler_opt.h">
      <Filter>core</Filter>
    </ClInclude>
    <ClInclude Include="core\config.h">
      <Filter>core</Filter>
    </ClInclude>
    <ClInclude Include="core\core_cmd.h">
      <Filter>core</Filter>
    </ClInclude>
    <ClInclude Include="core\core_stats.h">
      <Filter>core</Filter>
    </ClInclude>
    <ClInclude Include="core\counters.h">
      <Filter>core</Filter>
    </ClInclude>
    <ClInclude Include="core\crc.h">
      <Filter>core</Filter>
    </ClInclude>
    <ClInclude Include="core\daemonize.h">
      <Filter>core</Filter>
    </ClInclude>
    <ClInclude Include="core\data_lump.h">
      <Filter>core</Filter>
    </ClInclude>
    <ClInclude Include="core\data_lump_rpl.h">
      <Filter>core</Filter>
    </ClInclude>
    <ClInclude Include="core\dns_cache.h">
      <Filter>core</Filter>
    </ClInclude>
    <ClInclude Include="core\dns_func.h">
      <Filter>core</Filter>
    </ClInclude>
    <ClInclude Include="core\dns_wrappers.h">
      <Filter>core</Filter>
    </ClInclude>
    <ClInclude Include="core\dprint.h">
      <Filter>core</Filter>
    </ClInclude>
    <ClInclude Include="core\dset.h">
      <Filter>core</Filter>
    </ClInclude>
    <ClInclude Include="core\dst_blacklist.h">
      <Filter>core</Filter>
    </ClInclude>
    <ClInclude Include="core\endianness.h">
      <Filter>core</Filter>
    </ClInclude>
    <ClInclude Include="core\error.h">
      <Filter>core</Filter>
    </ClInclude>
    <ClInclude Include="core\events.h">
      <Filter>core</Filter>
    </ClInclude>
    <ClInclude Include="core\fastlock.h">
      <Filter>core</Filter>
    </ClInclude>
    <ClInclude Include="core\fix_lumps.h">
      <Filter>core</Filter>
    </ClInclude>
    <ClInclude Include="core\flags.h">
      <Filter>core</Filter>
    </ClInclude>
    <ClInclude Include="core\fmsg.h">
      <Filter>core</Filter>
    </ClInclude>
    <ClInclude Include="core\forward.h">
      <Filter>core</Filter>
    </ClInclude>
    <ClInclude Include="core\futexlock.h">
      <Filter>core</Filter>
    </ClInclude>
    <ClInclude Include="core\globals.h">
      <Filter>core</Filter>
    </ClInclude>
    <ClInclude Include="core\hash_func.h">
      <Filter>core</Filter>
    </ClInclude>
    <ClInclude Include="core\hashes.h">
      <Filter>core</Filter>
    </ClInclude>
    <ClInclude Include="core\id.h">
      <Filter>core</Filter>
    </ClInclude>
    <ClInclude Include="core\io_wait.h">
      <Filter>core</Filter>
    </ClInclude>
    <ClInclude Include="core\ip_addr.h">
      <Filter>core</Filter>
    </ClInclude>
    <ClInclude Include="core\kemi.h">
      <Filter>core</Filter>
    </ClInclude>
    <ClInclude Include="core\list.h">
      <Filter>core</Filter>
    </ClInclude>
    <ClInclude Include="core\local_timer.h">
      <Filter>core</Filter>
    </ClInclude>
    <ClInclude Include="core\lock_alloc.h">
      <Filter>core</Filter>
    </ClInclude>
    <ClInclude Include="core\lock_ops.h">
      <Filter>core</Filter>
    </ClInclude>
    <ClInclude Include="core\lock_ops_init.h">
      <Filter>core</Filter>
    </ClInclude>
    <ClInclude Include="core\locking.h">
      <Filter>core</Filter>
    </ClInclude>
    <ClInclude Include="core\lump_struct.h">
      <Filter>core</Filter>
    </ClInclude>
    <ClInclude Include="core\lvalue.h">
      <Filter>core</Filter>
    </ClInclude>
    <ClInclude Include="core\md5.h">
      <Filter>core</Filter>
    </ClInclude>
    <ClInclude Include="core\md5utils.h">
      <Filter>core</Filter>
    </ClInclude>
    <ClInclude Include="core\mod_fix.h">
      <Filter>core</Filter>
    </ClInclude>
    <ClInclude Include="core\modparam.h">
      <Filter>core</Filter>
    </ClInclude>
    <ClInclude Include="core\msg_translator.h">
      <Filter>core</Filter>
    </ClInclude>
    <ClInclude Include="core\name_alias.h">
      <Filter>core</Filter>
    </ClInclude>
    <ClInclude Include="core\nonsip_hooks.h">
      <Filter>core</Filter>
    </ClInclude>
    <ClInclude Include="core\onsend.h">
      <Filter>core</Filter>
    </ClInclude>
    <ClInclude Include="core\pass_fd.h">
      <Filter>core</Filter>
    </ClInclude>
    <ClInclude Include="core\poll_types.h">
      <Filter>core</Filter>
    </ClInclude>
    <ClInclude Include="core\ppcfg.h">
      <Filter>core</Filter>
    </ClInclude>
    <ClInclude Include="core\proxy.h">
      <Filter>core</Filter>
    </ClInclude>
    <ClInclude Include="core\pt.h">
      <Filter>core</Filter>
    </ClInclude>
    <ClInclude Include="core\pv_core.h">
      <Filter>core</Filter>
    </ClInclude>
    <ClInclude Include="core\pvapi.h">
      <Filter>core</Filter>
    </ClInclude>
    <ClInclude Include="core\pvar.h">
      <Filter>core</Filter>
    </ClInclude>
    <ClInclude Include="core\qvalue.h">
      <Filter>core</Filter>
    </ClInclude>
    <ClInclude Include="core\rad_dict.h">
      <Filter>core</Filter>
    </ClInclude>
    <ClInclude Include="core\raw_listener.h">
      <Filter>core</Filter>
    </ClInclude>
    <ClInclude Include="core\raw_sock.h">
      <Filter>core</Filter>
    </ClInclude>
    <ClInclude Include="core\re.h">
      <Filter>core</Filter>
    </ClInclude>
    <ClInclude Include="core\receive.h">
      <Filter>core</Filter>
    </ClInclude>
    <ClInclude Include="core\resolve.h">
      <Filter>core</Filter>
    </ClInclude>
    <ClInclude Include="core\route.h">
      <Filter>core</Filter>
    </ClInclude>
    <ClInclude Include="core\route_struct.h">
      <Filter>core</Filter>
    </ClInclude>
    <ClInclude Include="core\rpc.h">
      <Filter>core</Filter>
    </ClInclude>
    <ClInclude Include="core\rpc_lookup.h">
      <Filter>core</Filter>
    </ClInclude>
    <ClInclude Include="core\rvalue.h">
      <Filter>core</Filter>
    </ClInclude>
    <ClInclude Include="core\sched_yield.h">
      <Filter>core</Filter>
    </ClInclude>
    <ClInclude Include="core\script_cb.h">
      <Filter>core</Filter>
    </ClInclude>
    <ClInclude Include="core\sctp_core.h">
      <Filter>core</Filter>
    </ClInclude>
    <ClInclude Include="core\select.h">
      <Filter>core</Filter>
    </ClInclude>
    <ClInclude Include="core\select_buf.h">
      <Filter>core</Filter>
    </ClInclude>
    <ClInclude Include="core\select_core.h">
      <Filter>core</Filter>
    </ClInclude>
    <ClInclude Include="core\ser_time.h">
      <Filter>core</Filter>
    </ClInclude>
    <ClInclude Include="core\shm_init.h">
      <Filter>core</Filter>
    </ClInclude>
    <ClInclude Include="core\signals.h">
      <Filter>core</Filter>
    </ClInclude>
    <ClInclude Include="core\sip_msg_clone.h">
      <Filter>core</Filter>
    </ClInclude>
    <ClInclude Include="core\sock_ut.h">
      <Filter>core</Filter>
    </ClInclude>
    <ClInclude Include="core\socket_info.h">
      <Filter>core</Filter>
    </ClInclude>
    <ClInclude Include="core\sr_compat.h">
      <Filter>core</Filter>
    </ClInclude>
    <ClInclude Include="core\sr_module.h">
      <Filter>core</Filter>
    </ClInclude>
    <ClInclude Include="core\srapi.h">
      <Filter>core</Filter>
    </ClInclude>
    <ClInclude Include="core\stats.h">
      <Filter>core</Filter>
    </ClInclude>
    <ClInclude Include="core\str.h">
      <Filter>core</Filter>
    </ClInclude>
    <ClInclude Include="core\str_hash.h">
      <Filter>core</Filter>
    </ClInclude>
    <ClInclude Include="core\str_list.h">
      <Filter>core</Filter>
    </ClInclude>
    <ClInclude Include="core\strutils.h">
      <Filter>core</Filter>
    </ClInclude>
    <ClInclude Include="core\stun.h">
      <Filter>core</Filter>
    </ClInclude>
    <ClInclude Include="core\switch.h">
      <Filter>core</Filter>
    </ClInclude>
    <ClInclude Include="core\tags.h">
      <Filter>core</Filter>
    </ClInclude>
    <ClInclude Include="core\tcp_conn.h">
      <Filter>core</Filter>
    </ClInclude>
    <ClInclude Include="core\tcp_ev.h">
      <Filter>core</Filter>
    </ClInclude>
    <ClInclude Include="core\tcp_info.h">
      <Filter>core</Filter>
    </ClInclude>
    <ClInclude Include="core\tcp_init.h">
      <Filter>core</Filter>
    </ClInclude>
    <ClInclude Include="core\tcp_int_send.h">
      <Filter>core</Filter>
    </ClInclude>
    <ClInclude Include="core\tcp_options.h">
      <Filter>core</Filter>
    </ClInclude>
    <ClInclude Include="core\tcp_read.h">
      <Filter>core</Filter>
    </ClInclude>
    <ClInclude Include="core\tcp_server.h">
      <Filter>core</Filter>
    </ClInclude>
    <ClInclude Include="core\tcp_stats.h">
      <Filter>core</Filter>
    </ClInclude>
    <ClInclude Include="core\timer.h">
      <Filter>core</Filter>
    </ClInclude>
    <ClInclude Include="core\timer_funcs.h">
      <Filter>core</Filter>
    </ClInclude>
    <ClInclude Include="core\timer_proc.h">
      <Filter>core</Filter>
    </ClInclude>
    <ClInclude Include="core\timer_ticks.h">
      <Filter>core</Filter>
    </ClInclude>
    <ClInclude Include="core\tls_hooks.h">
      <Filter>core</Filter>
    </ClInclude>
    <ClInclude Include="core\tls_hooks_init.h">
      <Filter>core</Filter>
    </ClInclude>
    <ClInclude Include="core\trim.h">
      <Filter>core</Filter>
    </ClInclude>
    <ClInclude Include="core\tsend.h">
      <Filter>core</Filter>
    </ClInclude>
    <ClInclude Include="core\udp_server.h">
      <Filter>core</Filter>
    </ClInclude>
    <ClInclude Include="core\usr_avp.h">
      <Filter>core</Filter>
    </ClInclude>
    <ClInclude Include="core\ut.h">
      <Filter>core</Filter>
    </ClInclude>
    <ClInclude Include="core\ver.h">
      <Filter>core</Filter>
    </ClInclude>
    <ClInclude Include="core\ver_defs.h">
      <Filter>core</Filter>
    </ClInclude>
    <ClInclude Include="core\xavp.h">
      <Filter>core</Filter>
    </ClInclude>
    <ClInclude Include="core\atomic\atomic_alpha.h">
      <Filter>core\atomic</Filter>
    </ClInclude>
    <ClInclude Include="core\atomic\atomic_arm.h">
      <Filter>core\atomic</Filter>
    </ClInclude>
    <ClInclude Include="core\atomic\atomic_common.h">
      <Filter>core\atomic</Filter>
    </ClInclude>
    <ClInclude Include="core\atomic\atomic_mips2.h">
      <Filter>core\atomic</Filter>
    </ClInclude>
    <ClInclude Include="core\atomic\atomic_native.h">
      <Filter>core\atomic</Filter>
    </ClInclude>
    <ClInclude Include="core\atomic\atomic_ppc.h">
      <Filter>core\atomic</Filter>
    </ClInclude>
    <ClInclude Include="core\atomic\atomic_sparc.h">
      <Filter>core\atomic</Filter>
    </ClInclude>
    <ClInclude Include="core\atomic\atomic_sparc64.h">
      <Filter>core\atomic</Filter>
    </ClInclude>
    <ClInclude Include="core\atomic\atomic_unknown.h">
      <Filter>core\atomic</Filter>
    </ClInclude>
    <ClInclude Include="core\atomic\atomic_x86.h">
      <Filter>core\atomic</Filter>
    </ClInclude>
    <ClInclude Include="core\cfg\cfg.h">
      <Filter>core\cfg</Filter>
    </ClInclude>
    <ClInclude Include="core\cfg\cfg_ctx.h">
      <Filter>core\cfg</Filter>
    </ClInclude>
    <ClInclude Include="core\cfg\cfg_script.h">
      <Filter>core\cfg</Filter>
    </ClInclude>
    <ClInclude Include="core\cfg\cfg_select.h">
      <Filter>core\cfg</Filter>
    </ClInclude>
    <ClInclude Include="core\cfg\cfg_struct.h">
      <Filter>core\cfg</Filter>
    </ClInclude>
    <ClInclude Include="core\mem\dl_config.h">
      <Filter>core\mem</Filter>
    </ClInclude>
    <ClInclude Include="core\mem\dl_malloc.h">
      <Filter>core\mem</Filter>
    </ClInclude>
    <ClInclude Include="core\mem\f_malloc.h">
      <Filter>core\mem</Filter>
    </ClInclude>
    <ClInclude Include="core\mem\ll_malloc.h">
      <Filter>core\mem</Filter>
    </ClInclude>
    <ClInclude Include="core\mem\mem.h">
      <Filter>core\mem</Filter>
    </ClInclude>
    <ClInclude Include="core\mem\memapi.h">
      <Filter>core\mem</Filter>
    </ClInclude>
    <ClInclude Include="core\mem\memcore.h">
      <Filter>core\mem</Filter>
    </ClInclude>
    <ClInclude Include="core\mem\memdbg.h">
      <Filter>core\mem</Filter>
    </ClInclude>
    <ClInclude Include="core\mem\meminfo.h">
      <Filter>core\mem</Filter>
    </ClInclude>
    <ClInclude Include="core\mem\pkg.h">
      <Filter>core\mem</Filter>
    </ClInclude>
    <ClInclude Include="core\mem\q_malloc.h">
      <Filter>core\mem</Filter>
    </ClInclude>
    <ClInclude Include="core\mem\sf_malloc.h">
      <Filter>core\mem</Filter>
    </ClInclude>
    <ClInclude Include="core\mem\shm.h">
      <Filter>core\mem</Filter>
    </ClInclude>
    <ClInclude Include="core\mem\shm_mem.h">
      <Filter>core\mem</Filter>
    </ClInclude>
    <ClInclude Include="core\mem\src_loc.h">
      <Filter>core\mem</Filter>
    </ClInclude>
    <ClInclude Include="core\mem\tlsf_malloc.h">
      <Filter>core\mem</Filter>
    </ClInclude>
    <ClInclude Include="core\mem\tlsf_malloc_bits.h">
      <Filter>core\mem</Filter>
    </ClInclude>
    <ClInclude Include="core\parser\case_acce.h">
      <Filter>core\parser</Filter>
    </ClInclude>
    <ClInclude Include="core\parser\case_allo.h">
      <Filter>core\parser</Filter>
    </ClInclude>
    <ClInclude Include="core\parser\case_auth.h">
      <Filter>core\parser</Filter>
    </ClInclude>
    <ClInclude Include="core\parser\case_c_inf.h">
      <Filter>core\parser</Filter>
    </ClInclude>
    <ClInclude Include="core\parser\case_call.h">
      <Filter>core\parser</Filter>
    </ClInclude>
    <ClInclude Include="core\parser\case_cont.h">
      <Filter>core\parser</Filter>
    </ClInclude>
    <ClInclude Include="core\parser\case_cseq.h">
      <Filter>core\parser</Filter>
    </ClInclude>
    <ClInclude Include="core\parser\case_date.h">
      <Filter>core\parser</Filter>
    </ClInclude>
    <ClInclude Include="core\parser\case_dive.h">
      <Filter>core\parser</Filter>
    </ClInclude>
    <ClInclude Include="core\parser\case_even.h">
      <Filter>core\parser</Filter>
    </ClInclude>
    <ClInclude Include="core\parser\case_expi.h">
      <Filter>core\parser</Filter>
    </ClInclude>
    <ClInclude Include="core\parser\case_from.h">
      <Filter>core\parser</Filter>
    </ClInclude>
    <ClInclude Include="core\parser\case_iden.h">
      <Filter>core\parser</Filter>
    </ClInclude>
    <ClInclude Include="core\parser\case_max.h">
      <Filter>core\parser</Filter>
    </ClInclude>
    <ClInclude Include="core\parser\case_min.h">
      <Filter>core\parser</Filter>
    </ClInclude>
    <ClInclude Include="core\parser\case_orga.h">
      <Filter>core\parser</Filter>
    </ClInclude>
    <ClInclude Include="core\parser\case_p_as.h">
      <Filter>core\parser</Filter>
    </ClInclude>
    <ClInclude Include="core\parser\case_p_pr.h">
      <Filter>core\parser</Filter>
    </ClInclude>
    <ClInclude Include="core\parser\case_path.h">
      <Filter>core\parser</Filter>
    </ClInclude>
    <ClInclude Include="core\parser\case_prio.h">
      <Filter>core\parser</Filter>
    </ClInclude>
    <ClInclude Include="core\parser\case_priv.h">
      <Filter>core\parser</Filter>
    </ClInclude>
    <ClInclude Include="core\parser\case_prox.h">
      <Filter>core\parser</Filter>
    </ClInclude>
    <ClInclude Include="core\parser\case_reas.h">
      <Filter>core\parser</Filter>
    </ClInclude>
    <ClInclude Include="core\parser\case_reco.h">
      <Filter>core\parser</Filter>
    </ClInclude>
    <ClInclude Include="core\parser\case_refe.h">
      <Filter>core\parser</Filter>
    </ClInclude>
    <ClInclude Include="core\parser\case_reje.h">
      <Filter>core\parser</Filter>
    </ClInclude>
    <ClInclude Include="core\parser\case_remo.h">
      <Filter>core\parser</Filter>
    </ClInclude>
    <ClInclude Include="core\parser\case_requ.h">
      <Filter>core\parser</Filter>
    </ClInclude>
    <ClInclude Include="core\parser\case_retr.h">
      <Filter>core\parser</Filter>
    </ClInclude>
    <ClInclude Include="core\parser\case_rout.h">
      <Filter>core\parser</Filter>
    </ClInclude>
    <ClInclude Include="core\parser\case_serv.h">
      <Filter>core\parser</Filter>
    </ClInclude>
    <ClInclude Include="core\parser\case_sess.h">
      <Filter>core\parser</Filter>
    </ClInclude>
    <ClInclude Include="core\parser\case_sip.h">
      <Filter>core\parser</Filter>
    </ClInclude>
    <ClInclude Include="core\parser\case_subj.h">
      <Filter>core\parser</Filter>
    </ClInclude>
    <ClInclude Include="core\parser\case_subs.h">
      <Filter>core\parser</Filter>
    </ClInclude>
    <ClInclude Include="core\parser\case_supp.h">
      <Filter>core\parser</Filter>
    </ClInclude>
    <ClInclude Include="core\parser\case_to.h">
      <Filter>core\parser</Filter>
    </ClInclude>
    <ClInclude Include="core\parser\case_unsu.h">
      <Filter>core\parser</Filter>
    </ClInclude>
    <ClInclude Include="core\parser\case_user.h">
      <Filter>core\parser</Filter>
    </ClInclude>
    <ClInclude Include="core\parser\case_via.h">
      <Filter>core\parser</Filter>
    </ClInclude>
    <ClInclude Include="core\parser\case_www.h">
      <Filter>core\parser</Filter>
    </ClInclude>
    <ClInclude Include="core\parser\hf.h">
      <Filter>core\parser</Filter>
    </ClInclude>
    <ClInclude Include="core\parser\keys.h">
      <Filter>core\parser</Filter>
    </ClInclude>
    <ClInclude Include="core\parser\msg_parser.h">
      <Filter>core\parser</Filter>
    </ClInclude>
    <ClInclude Include="core\parser\parse_addr_spec.h">
      <Filter>core\parser</Filter>
    </ClInclude>
    <ClInclude Include="core\parser\parse_allow.h">
      <Filter>core\parser</Filter>
    </ClInclude>
    <ClInclude Include="core\parser\parse_body.h">
      <Filter>core\parser</Filter>
    </ClInclude>
    <ClInclude Include="core\parser\parse_content.h">
      <Filter>core\parser</Filter>
    </ClInclude>
    <ClInclude Include="core\parser\parse_cseq.h">
      <Filter>core\parser</Filter>
    </ClInclude>
    <ClInclude Include="core\parser\parse_date.h">
      <Filter>core\parser</Filter>
    </ClInclude>
    <ClInclude Include="core\parser\parse_def.h">
      <Filter>core\parser</Filter>
    </ClInclude>
    <ClInclude Include="core\parser\parse_disposition.h">
      <Filter>core\parser</Filter>
    </ClInclude>
    <ClInclude Include="core\parser\parse_diversion.h">
      <Filter>core\parser</Filter>
    </ClInclude>
    <ClInclude Include="core\parser\parse_event.h">
      <Filter>core\parser</Filter>
    </ClInclude>
    <ClInclude Include="core\parser\parse_expires.h">
      <Filter>core\parser</Filter>
    </ClInclude>
    <ClInclude Include="core\parser\parse_fline.h">
      <Filter>core\parser</Filter>
    </ClInclude>
    <ClInclude Include="core\parser\parse_from.h">
      <Filter>core\parser</Filter>
    </ClInclude>
    <ClInclude Include="core\parser\parse_hname2.h">
      <Filter>core\parser</Filter>
    </ClInclude>
    <ClInclude Include="core\parser\parse_identity.h">
      <Filter>core\parser</Filter>
    </ClInclude>
    <ClInclude Include="core\parser\parse_identityinfo.h">
      <Filter>core\parser</Filter>
    </ClInclude>
    <ClInclude Include="core\parser\parse_methods.h">
      <Filter>core\parser</Filter>
    </ClInclude>
    <ClInclude Include="core\parser\parse_nameaddr.h">
      <Filter>core\parser</Filter>
    </ClInclude>
    <ClInclude Include="core\parser\parse_option_tags.h">
      <Filter>core\parser</Filter>
    </ClInclude>
    <ClInclude Include="core\parser\parse_param.h">
      <Filter>core\parser</Filter>
    </ClInclude>
    <ClInclude Include="core\parser\parse_ppi_pai.h">
      <Filter>core\parser</Filter>
    </ClInclude>
    <ClInclude Include="core\parser\parse_privacy.h">
      <Filter>core\parser</Filter>
    </ClInclude>
    <ClInclude Include="core\parser\parse_refer_to.h">
      <Filter>core\parser</Filter>
    </ClInclude>
    <ClInclude Include="core\parser\parse_require.h">
      <Filter>core\parser</Filter>
    </ClInclude>
    <ClInclude Include="core\parser\parse_retry_after.h">
      <Filter>core\parser</Filter>
    </ClInclude>
    <ClInclude Include="core\parser\parse_rpid.h">
      <Filter>core\parser</Filter>
    </ClInclude>
    <ClInclude Include="core\parser\parse_rr.h">
      <Filter>core\parser</Filter>
    </ClInclude>
    <ClInclude Include="core\parser\parse_sipifmatch.h">
      <Filter>core\parser</Filter>
    </ClInclude>
    <ClInclude Include="core\parser\parse_subscription_state.h">
      <Filter>core\parser</Filter>
    </ClInclude>
    <ClInclude Include="core\parser\parse_supported.h">
      <Filter>core\parser</Filter>
    </ClInclude>
    <ClInclude Include="core\parser\parse_to.h">
      <Filter>core\parser</Filter>
    </ClInclude>
    <ClInclude Include="core\parser\parse_uri.h">
      <Filter>core\parser</Filter>
    </ClInclude>
    <ClInclude Include="core\parser\parse_via.h">
      <Filter>core\parser</Filter>
    </ClInclude>
    <ClInclude Include="core\parser\parser_f.h">
      <Filter>core\parser</Filter>
    </ClInclude>
    <ClInclude Include="core\parser\contact\contact.h">
      <Filter>core\parser\contact</Filter>
    </ClInclude>
    <ClInclude Include="core\parser\contact\parse_contact.h">
      <Filter>core\parser\contact</Filter>
    </ClInclude>
    <ClInclude Include="core\parser\digest\digest.h">
      <Filter>core\parser\digest</Filter>
    </ClInclude>
    <ClInclude Include="core\parser\digest\digest_keys.h">
      <Filter>core\parser\digest</Filter>
    </ClInclude>
    <ClInclude Include="core\parser\digest\digest_parser.h">
      <Filter>core\parser\digest</Filter>
    </ClInclude>
    <ClInclude Include="core\parser\digest\param_parser.h">
      <Filter>core\parser\digest</Filter>
    </ClInclude>
    <ClInclude Include="core\parser\sdp\sdp.h">
      <Filter>core\parser\sdp</Filter>
    </ClInclude>
    <ClInclude Include="core\parser\sdp\sdp_cloner.h">
      <Filter>core\parser\sdp</Filter>
    </ClInclude>
    <ClInclude Include="core\parser\sdp\sdp_helpr_funcs.h">
      <Filter>core\parser\sdp</Filter>
    </ClInclude>
    <ClInclude Include="core\rand\fastrand.h">
      <Filter>core\rand</Filter>
    </ClInclude>
    <ClInclude Include="core\rand\kam_rand.h">
      <Filter>core\rand</Filter>
    </ClInclude>
    <ClInclude Include="core\rand\isaac\rand.h">
      <Filter>core\rand\isaac</Filter>
    </ClInclude>
    <ClInclude Include="core\rand\isaac\standard.h">
      <Filter>core\rand\isaac</Filter>
    </ClInclude>
    <ClInclude Include="lib\binrpc\binrpc_api.h">
      <Filter>lib\binrpc</Filter>
    </ClInclude>
    <ClInclude Include="lib\cds\base64.h">
      <Filter>lib\cds</Filter>
    </ClInclude>
    <ClInclude Include="lib\cds\cds.h">
      <Filter>lib\cds</Filter>
    </ClInclude>
    <ClInclude Include="lib\cds\dbid.h">
      <Filter>lib\cds</Filter>
    </ClInclude>
    <ClInclude Include="lib\cds\dstring.h">
      <Filter>lib\cds</Filter>
    </ClInclude>
    <ClInclude Include="lib\cds\hash_table.h">
      <Filter>lib\cds</Filter>
    </ClInclude>
    <ClInclude Include="lib\cds\list.h">
      <Filter>lib\cds</Filter>
    </ClInclude>
    <ClInclude Include="lib\cds\logger.h">
      <Filter>lib\cds</Filter>
    </ClInclude>
    <ClInclude Include="lib\cds\memory.h">
      <Filter>lib\cds</Filter>
    </ClInclude>
    <ClInclude Include="lib\cds\msg_queue.h">
      <Filter>lib\cds</Filter>
    </ClInclude>
    <ClInclude Include="lib\cds\ptr_vector.h">
      <Filter>lib\cds</Filter>
    </ClInclude>
    <ClInclude Include="lib\cds\ref_cntr.h">
      <Filter>lib\cds</Filter>
    </ClInclude>
    <ClInclude Include="lib\cds\rr_serialize.h">
      <Filter>lib\cds</Filter>
    </ClInclude>
    <ClInclude Include="lib\cds\ser_profile.h">
      <Filter>lib\cds</Filter>
    </ClInclude>
    <ClInclude Include="lib\cds\serialize.h">
      <Filter>lib\cds</Filter>
    </ClInclude>
    <ClInclude Include="lib\cds\simple_profile.h">
      <Filter>lib\cds</Filter>
    </ClInclude>
    <ClInclude Include="lib\cds\sip_utils.h">
      <Filter>lib\cds</Filter>
    </ClInclude>
    <ClInclude Include="lib\cds\sstr.h">
      <Filter>lib\cds</Filter>
    </ClInclude>
    <ClInclude Include="lib\cds\sync.h">
      <Filter>lib\cds</Filter>
    </ClInclude>
    <ClInclude Include="lib\cds\vector.h">
      <Filter>lib\cds</Filter>
    </ClInclude>
    <ClInclude Include="lib\ims\ims_getters.h">
      <Filter>lib\ims</Filter>
    </ClInclude>
    <ClInclude Include="lib\ims\useful_defs.h">
      <Filter>lib\ims</Filter>
    </ClInclude>
    <ClInclude Include="lib\presence\domain_maintainer.h">
      <Filter>lib\presence</Filter>
    </ClInclude>
    <ClInclude Include="lib\presence\lpidf.h">
      <Filter>lib\presence</Filter>
    </ClInclude>
    <ClInclude Include="lib\presence\notifier.h">
      <Filter>lib\presence</Filter>
    </ClInclude>
    <ClInclude Include="lib\presence\notifier_domain.h">
      <Filter>lib\presence</Filter>
    </ClInclude>
    <ClInclude Include="lib\presence\pidf.h">
      <Filter>lib\presence</Filter>
    </ClInclude>
    <ClInclude Include="lib\presence\pres_doc.h">
      <Filter>lib\presence</Filter>
    </ClInclude>
    <ClInclude Include="lib\presence\qsa.h">
      <Filter>lib\presence</Filter>
    </ClInclude>
    <ClInclude Include="lib\presence\qsa_params.h">
      <Filter>lib\presence</Filter>
    </ClInclude>
    <ClInclude Include="lib\presence\subscriber.h">
      <Filter>lib\presence</Filter>
    </ClInclude>
    <ClInclude Include="lib\presence\subscription_info.h">
      <Filter>lib\presence</Filter>
    </ClInclude>
    <ClInclude Include="lib\presence\utils.h">
      <Filter>lib\presence</Filter>
    </ClInclude>
    <ClInclude Include="lib\presence\xml_utils.h">
      <Filter>lib\presence</Filter>
    </ClInclude>
    <ClInclude Include="lib\presence\xpidf.h">
      <Filter>lib\presence</Filter>
    </ClInclude>
    <ClInclude Include="lib\print\print.h">
      <Filter>lib\print</Filter>
    </ClInclude>
    <ClInclude Include="lib\shm_regex\shm_regex.h">
      <Filter>lib\shm_regex</Filter>
    </ClInclude>
    <ClInclude Include="lib\srdb1\db.h">
      <Filter>lib\srdb1</Filter>
    </ClInclude>
    <ClInclude Include="lib\srdb1\db_cap.h">
      <Filter>lib\srdb1</Filter>
    </ClInclude>
    <ClInclude Include="lib\srdb1\db_con.h">
      <Filter>lib\srdb1</Filter>
    </ClInclude>
    <ClInclude Include="lib\srdb1\db_id.h">
      <Filter>lib\srdb1</Filter>
    </ClInclude>
    <ClInclude Include="lib\srdb1\db_key.h">
      <Filter>lib\srdb1</Filter>
    </ClInclude>
    <ClInclude Include="lib\srdb1\db_locking.h">
      <Filter>lib\srdb1</Filter>
    </ClInclude>
    <ClInclude Include="lib\srdb1\db_op.h">
      <Filter>lib\srdb1</Filter>
    </ClInclude>
    <ClInclude Include="lib\srdb1\db_pool.h">
      <Filter>lib\srdb1</Filter>
    </ClInclude>
    <ClInclude Include="lib\srdb1\db_pooling.h">
      <Filter>lib\srdb1</Filter>
    </ClInclude>
    <ClInclude Include="lib\srdb1\db_query.h">
      <Filter>lib\srdb1</Filter>
    </ClInclude>
    <ClInclude Include="lib\srdb1\db_res.h">
      <Filter>lib\srdb1</Filter>
    </ClInclude>
    <ClInclude Include="lib\srdb1\db_row.h">
      <Filter>lib\srdb1</Filter>
    </ClInclude>
    <ClInclude Include="lib\srdb1\db_ut.h">
      <Filter>lib\srdb1</Filter>
    </ClInclude>
    <ClInclude Include="lib\srdb1\db_val.h">
      <Filter>lib\srdb1</Filter>
    </ClInclude>
    <ClInclude Include="lib\srdb2\db.h">
      <Filter>lib\srdb2</Filter>
    </ClInclude>
    <ClInclude Include="lib\srdb2\db_cmd.h">
      <Filter>lib\srdb2</Filter>
    </ClInclude>
    <ClInclude Include="lib\srdb2\db_con.h">
      <Filter>lib\srdb2</Filter>
    </ClInclude>
    <ClInclude Include="lib\srdb2\db_ctx.h">
      <Filter>lib\srdb2</Filter>
    </ClInclude>
    <ClInclude Include="lib\srdb2\db_drv.h">
      <Filter>lib\srdb2</Filter>
    </ClInclude>
    <ClInclude Include="lib\srdb2\db_fld.h">
      <Filter>lib\srdb2</Filter>
    </ClInclude>
    <ClInclude Include="lib\srdb2\db_gen.h">
      <Filter>lib\srdb2</Filter>
    </ClInclude>
    <ClInclude Include="lib\srdb2\db_pool.h">
      <Filter>lib\srdb2</Filter>
    </ClInclude>
    <ClInclude Include="lib\srdb2\db_rec.h">
      <Filter>lib\srdb2</Filter>
    </ClInclude>
    <ClInclude Include="lib\srdb2\db_res.h">
      <Filter>lib\srdb2</Filter>
    </ClInclude>
    <ClInclude Include="lib\srdb2\db_uri.h">
      <Filter>lib\srdb2</Filter>
    </ClInclude>
  </ItemGroup>
  <ItemGroup>
    <None Include="core\ccopts.sh">
      <Filter>core</Filter>
    </None>
    <None Include="core\ccver.sh">
      <Filter>core</Filter>
    </None>
    <None Include="core\cfg.lex">
      <Filter>core</Filter>
    </None>
    <None Include="core\cfg.y">
      <Filter>core</Filter>
    </None>
    <None Include="core\make_and_install">
      <Filter>core</Filter>
    </None>
    <None Include="lib\doxygen.cfg">
      <Filter>lib</Filter>
    </None>
    <None Include="lib\Makefile">
      <Filter>lib</Filter>
    </None>
    <None Include="lib\Makefile.defs">
      <Filter>lib</Filter>
    </None>
    <None Include="lib\Makefile.nonser">
      <Filter>lib</Filter>
    </None>
    <None Include="lib\README">
      <Filter>lib</Filter>
    </None>
    <None Include="lib\binrpc\Makefile">
      <Filter>lib\binrpc</Filter>
    </None>
    <None Include="lib\binrpc\Makefile.nonser">
      <Filter>lib\binrpc</Filter>
    </None>
    <None Include="lib\binrpc\README">
      <Filter>lib\binrpc</Filter>
    </None>
    <None Include="lib\cds\.cvsignore">
      <Filter>lib\cds</Filter>
    </None>
    <None Include="lib\cds\ChangeLog">
      <Filter>lib\cds</Filter>
    </None>
    <None Include="lib\cds\Makefile">
      <Filter>lib\cds</Filter>
    </None>
    <None Include="lib\cds\Makefile.nonser">
      <Filter>lib\cds</Filter>
    </None>
    <None Include="lib\cds\doc\Makefile">
      <Filter>lib\cds\doc</Filter>
    </None>
    <None Include="lib\doc\Makefile">
      <Filter>lib\doc</Filter>
    </None>
    <None Include="lib\ims\Makefile">
      <Filter>lib\ims</Filter>
    </None>
    <None Include="lib\presence\.cvsignore">
      <Filter>lib\presence</Filter>
    </None>
    <None Include="lib\presence\ChangeLog">
      <Filter>lib\presence</Filter>
    </None>
    <None Include="lib\presence\Makefile">
      <Filter>lib\presence</Filter>
    </None>
    <None Include="lib\presence\Makefile.nonser">
      <Filter>lib\presence</Filter>
    </None>
    <None Include="lib\presence\doc\Makefile">
      <Filter>lib\presence\doc</Filter>
    </None>
    <None Include="lib\print\.cvsignore">
      <Filter>lib\print</Filter>
    </None>
    <None Include="lib\print\Makefile">
      <Filter>lib\print</Filter>
    </None>
    <None Include="lib\print\README">
      <Filter>lib\print</Filter>
    </None>
    <None Include="lib\shm_regex\Makefile">
      <Filter>lib\shm_regex</Filter>
    </None>
    <None Include="lib\shm_regex\README">
      <Filter>lib\shm_regex</Filter>
    </None>
    <None Include="lib\srdb1\Makefile">
      <Filter>lib\srdb1</Filter>
    </None>
    <None Include="lib\srdb1\README">
      <Filter>lib\srdb1</Filter>
    </None>
    <None Include="lib\srdb1\schema\Makefile">
      <Filter>lib\srdb1\schema</Filter>
    </None>
    <None Include="lib\srdb2\Makefile">
      <Filter>lib\srdb2</Filter>
    </None>
    <None Include="lib\srdb2\README">
      <Filter>lib\srdb2</Filter>
    </None>
    <None Include="lib\srdb2\schema\Makefile">
      <Filter>lib\srdb2\schema</Filter>
    </None>
  </ItemGroup>
  <ItemGroup>
    <Text Include="core\mem\Readme.tlsf.txt">
      <Filter>core\mem</Filter>
    </Text>
  </ItemGroup>
  <ItemGroup>
    <Xml Include="lib\cds\doc\cds.xml">
      <Filter>lib\cds\doc</Filter>
    </Xml>
    <Xml Include="lib\cds\doc\cds_free.xml">
      <Filter>lib\cds\doc</Filter>
    </Xml>
    <Xml Include="lib\cds\doc\cds_free_ptr.xml">
      <Filter>lib\cds\doc</Filter>
    </Xml>
    <Xml Include="lib\cds\doc\cds_malloc.xml">
      <Filter>lib\cds\doc</Filter>
    </Xml>
    <Xml Include="lib\cds\doc\cds_malloc_ptr.xml">
      <Filter>lib\cds\doc</Filter>
    </Xml>
    <Xml Include="lib\cds\doc\cds_mutex_destroy.xml">
      <Filter>lib\cds\doc</Filter>
    </Xml>
    <Xml Include="lib\cds\doc\cds_mutex_init.xml">
      <Filter>lib\cds\doc</Filter>
    </Xml>
    <Xml Include="lib\cds\doc\cds_mutex_lock.xml">
      <Filter>lib\cds\doc</Filter>
    </Xml>
    <Xml Include="lib\cds\doc\cds_mutex_t.xml">
      <Filter>lib\cds\doc</Filter>
    </Xml>
    <Xml Include="lib\cds\doc\cds_mutex_unlock.xml">
      <Filter>lib\cds\doc</Filter>
    </Xml>
    <Xml Include="lib\cds\doc\create_message.xml">
      <Filter>lib\cds\doc</Filter>
    </Xml>
    <Xml Include="lib\cds\doc\create_message_ex.xml">
      <Filter>lib\cds\doc</Filter>
    </Xml>
    <Xml Include="lib\cds\doc\destroy_sstream.xml">
      <Filter>lib\cds\doc</Filter>
    </Xml>
    <Xml Include="lib\cds\doc\dstr_append.xml">
      <Filter>lib\cds\doc</Filter>
    </Xml>
    <Xml Include="lib\cds\doc\dstr_get_data.xml">
      <Filter>lib\cds\doc</Filter>
    </Xml>
    <Xml Include="lib\cds\doc\dstr_init.xml">
      <Filter>lib\cds\doc</Filter>
    </Xml>
    <Xml Include="lib\cds\doc\dstring.xml">
      <Filter>lib\cds\doc</Filter>
    </Xml>
    <Xml Include="lib\cds\doc\dstring_t.xml">
      <Filter>lib\cds\doc</Filter>
    </Xml>
    <Xml Include="lib\cds\doc\free_message.xml">
      <Filter>lib\cds\doc</Filter>
    </Xml>
    <Xml Include="lib\cds\doc\get_serialized_sstream.xml">
      <Filter>lib\cds\doc</Filter>
    </Xml>
    <Xml Include="lib\cds\doc\init_input_sstream.xml">
      <Filter>lib\cds\doc</Filter>
    </Xml>
    <Xml Include="lib\cds\doc\init_message_ex.xml">
      <Filter>lib\cds\doc</Filter>
    </Xml>
    <Xml Include="lib\cds\doc\init_output_sstream.xml">
      <Filter>lib\cds\doc</Filter>
    </Xml>
    <Xml Include="lib\cds\doc\is_msg_queue_empty.xml">
      <Filter>lib\cds\doc</Filter>
    </Xml>
    <Xml Include="lib\cds\doc\memory.xml">
      <Filter>lib\cds\doc</Filter>
    </Xml>
    <Xml Include="lib\cds\doc\mq_message_t.xml">
      <Filter>lib\cds\doc</Filter>
    </Xml>
    <Xml Include="lib\cds\doc\msg_queue.xml">
      <Filter>lib\cds\doc</Filter>
    </Xml>
    <Xml Include="lib\cds\doc\msg_queue_destroy.xml">
      <Filter>lib\cds\doc</Filter>
    </Xml>
    <Xml Include="lib\cds\doc\msg_queue_init.xml">
      <Filter>lib\cds\doc</Filter>
    </Xml>
    <Xml Include="lib\cds\doc\msg_queue_init_ex.xml">
      <Filter>lib\cds\doc</Filter>
    </Xml>
    <Xml Include="lib\cds\doc\msg_queue_t.xml">
      <Filter>lib\cds\doc</Filter>
    </Xml>
    <Xml Include="lib\cds\doc\pop_message.xml">
      <Filter>lib\cds\doc</Filter>
    </Xml>
    <Xml Include="lib\cds\doc\push_message.xml">
      <Filter>lib\cds\doc</Filter>
    </Xml>
    <Xml Include="lib\cds\doc\serialization.xml">
      <Filter>lib\cds\doc</Filter>
    </Xml>
    <Xml Include="lib\cds\doc\serialize_char.xml">
      <Filter>lib\cds\doc</Filter>
    </Xml>
    <Xml Include="lib\cds\doc\serialize_int.xml">
      <Filter>lib\cds\doc</Filter>
    </Xml>
    <Xml Include="lib\cds\doc\serialize_str.xml">
      <Filter>lib\cds\doc</Filter>
    </Xml>
    <Xml Include="lib\cds\doc\serialize_uchar.xml">
      <Filter>lib\cds\doc</Filter>
    </Xml>
    <Xml Include="lib\cds\doc\serialize_uint.xml">
      <Filter>lib\cds\doc</Filter>
    </Xml>
    <Xml Include="lib\cds\doc\set_data_destroy_function.xml">
      <Filter>lib\cds\doc</Filter>
    </Xml>
    <Xml Include="lib\cds\doc\sstr.xml">
      <Filter>lib\cds\doc</Filter>
    </Xml>
    <Xml Include="lib\cds\doc\sstream_get.xml">
      <Filter>lib\cds\doc</Filter>
    </Xml>
    <Xml Include="lib\cds\doc\sstream_get_str.xml">
      <Filter>lib\cds\doc</Filter>
    </Xml>
    <Xml Include="lib\cds\doc\sstream_get_str_ex.xml">
      <Filter>lib\cds\doc</Filter>
    </Xml>
    <Xml Include="lib\cds\doc\sstream_put.xml">
      <Filter>lib\cds\doc</Filter>
    </Xml>
    <Xml Include="lib\cds\doc\sstream_put_str.xml">
      <Filter>lib\cds\doc</Filter>
    </Xml>
    <Xml Include="lib\cds\doc\sstream_put_zt.xml">
      <Filter>lib\cds\doc</Filter>
    </Xml>
    <Xml Include="lib\cds\doc\sstream_t.xml">
      <Filter>lib\cds\doc</Filter>
    </Xml>
    <Xml Include="lib\cds\doc\str_clear.xml">
      <Filter>lib\cds\doc</Filter>
    </Xml>
    <Xml Include="lib\cds\doc\str_dup.xml">
      <Filter>lib\cds\doc</Filter>
    </Xml>
    <Xml Include="lib\cds\doc\str_free.xml">
      <Filter>lib\cds\doc</Filter>
    </Xml>
    <Xml Include="lib\cds\doc\str_free_content.xml">
      <Filter>lib\cds\doc</Filter>
    </Xml>
    <Xml Include="lib\cds\doc\str_other.xml">
      <Filter>lib\cds\doc</Filter>
    </Xml>
    <Xml Include="lib\cds\doc\str_t.xml">
      <Filter>lib\cds\doc</Filter>
    </Xml>
    <Xml Include="lib\cds\doc\sync.xml">
      <Filter>lib\cds\doc</Filter>
    </Xml>
    <Xml Include="lib\doc\collection.xml">
      <Filter>lib\doc</Filter>
    </Xml>
    <Xml Include="lib\doc\libraries.xml">
      <Filter>lib\doc</Filter>
    </Xml>
    <Xml Include="lib\presence\doc\presence.xml">
      <Filter>lib\presence\doc</Filter>
    </Xml>
    <Xml Include="lib\srdb1\schema\acc.xml">
      <Filter>lib\srdb1\schema</Filter>
    </Xml>
    <Xml Include="lib\srdb1\schema\acc_cdrs.xml">
      <Filter>lib\srdb1\schema</Filter>
    </Xml>
    <Xml Include="lib\srdb1\schema\address.xml">
      <Filter>lib\srdb1\schema</Filter>
    </Xml>
    <Xml Include="lib\srdb1\schema\aliases.xml">
      <Filter>lib\srdb1\schema</Filter>
    </Xml>
    <Xml Include="lib\srdb1\schema\carrier_name.xml">
      <Filter>lib\srdb1\schema</Filter>
    </Xml>
    <Xml Include="lib\srdb1\schema\carrierfailureroute.xml">
      <Filter>lib\srdb1\schema</Filter>
    </Xml>
    <Xml Include="lib\srdb1\schema\carrierroute.xml">
      <Filter>lib\srdb1\schema</Filter>
    </Xml>
    <Xml Include="lib\srdb1\schema\cpl.xml">
      <Filter>lib\srdb1\schema</Filter>
    </Xml>
    <Xml Include="lib\srdb1\schema\dbaliases.xml">
      <Filter>lib\srdb1\schema</Filter>
    </Xml>
    <Xml Include="lib\srdb1\schema\dialog.xml">
      <Filter>lib\srdb1\schema</Filter>
    </Xml>
    <Xml Include="lib\srdb1\schema\dialog_vars.xml">
      <Filter>lib\srdb1\schema</Filter>
    </Xml>
    <Xml Include="lib\srdb1\schema\dialplan.xml">
      <Filter>lib\srdb1\schema</Filter>
    </Xml>
    <Xml Include="lib\srdb1\schema\dispatcher.xml">
      <Filter>lib\srdb1\schema</Filter>
    </Xml>
    <Xml Include="lib\srdb1\schema\domain.xml">
      <Filter>lib\srdb1\schema</Filter>
    </Xml>
    <Xml Include="lib\srdb1\schema\domain_attrs.xml">
      <Filter>lib\srdb1\schema</Filter>
    </Xml>
    <Xml Include="lib\srdb1\schema\domain_name.xml">
      <Filter>lib\srdb1\schema</Filter>
    </Xml>
    <Xml Include="lib\srdb1\schema\domainpolicy.xml">
      <Filter>lib\srdb1\schema</Filter>
    </Xml>
    <Xml Include="lib\srdb1\schema\dr_gateways.xml">
      <Filter>lib\srdb1\schema</Filter>
    </Xml>
    <Xml Include="lib\srdb1\schema\dr_groups.xml">
      <Filter>lib\srdb1\schema</Filter>
    </Xml>
    <Xml Include="lib\srdb1\schema\dr_gw_lists.xml">
      <Filter>lib\srdb1\schema</Filter>
    </Xml>
    <Xml Include="lib\srdb1\schema\dr_rules.xml">
      <Filter>lib\srdb1\schema</Filter>
    </Xml>
    <Xml Include="lib\srdb1\schema\entities.xml">
      <Filter>lib\srdb1\schema</Filter>
    </Xml>
    <Xml Include="lib\srdb1\schema\globalblacklist.xml">
      <Filter>lib\srdb1\schema</Filter>
    </Xml>
    <Xml Include="lib\srdb1\schema\grp.xml">
      <Filter>lib\srdb1\schema</Filter>
    </Xml>
    <Xml Include="lib\srdb1\schema\htable.xml">
      <Filter>lib\srdb1\schema</Filter>
    </Xml>
    <Xml Include="lib\srdb1\schema\imc_members.xml">
      <Filter>lib\srdb1\schema</Filter>
    </Xml>
    <Xml Include="lib\srdb1\schema\imc_rooms.xml">
      <Filter>lib\srdb1\schema</Filter>
    </Xml>
    <Xml Include="lib\srdb1\schema\kamailio-acc.xml">
      <Filter>lib\srdb1\schema</Filter>
    </Xml>
    <Xml Include="lib\srdb1\schema\kamailio-alias_db.xml">
      <Filter>lib\srdb1\schema</Filter>
    </Xml>
    <Xml Include="lib\srdb1\schema\kamailio-auth_db.xml">
      <Filter>lib\srdb1\schema</Filter>
    </Xml>
    <Xml Include="lib\srdb1\schema\kamailio-avpops.xml">
      <Filter>lib\srdb1\schema</Filter>
    </Xml>
    <Xml Include="lib\srdb1\schema\kamailio-carrierroute.xml">
      <Filter>lib\srdb1\schema</Filter>
    </Xml>
    <Xml Include="lib\srdb1\schema\kamailio-cpl.xml">
      <Filter>lib\srdb1\schema</Filter>
    </Xml>
    <Xml Include="lib\srdb1\schema\kamailio-dialog.xml">
      <Filter>lib\srdb1\schema</Filter>
    </Xml>
    <Xml Include="lib\srdb1\schema\kamailio-dialplan.xml">
      <Filter>lib\srdb1\schema</Filter>
    </Xml>
    <Xml Include="lib\srdb1\schema\kamailio-dispatcher.xml">
      <Filter>lib\srdb1\schema</Filter>
    </Xml>
    <Xml Include="lib\srdb1\schema\kamailio-domain.xml">
      <Filter>lib\srdb1\schema</Filter>
    </Xml>
    <Xml Include="lib\srdb1\schema\kamailio-domainpolicy.xml">
      <Filter>lib\srdb1\schema</Filter>
    </Xml>
    <Xml Include="lib\srdb1\schema\kamailio-drouting.xml">
      <Filter>lib\srdb1\schema</Filter>
    </Xml>
    <Xml Include="lib\srdb1\schema\kamailio-extensions.xml">
      <Filter>lib\srdb1\schema</Filter>
    </Xml>
    <Xml Include="lib\srdb1\schema\kamailio-group.xml">
      <Filter>lib\srdb1\schema</Filter>
    </Xml>
    <Xml Include="lib\srdb1\schema\kamailio-htable.xml">
      <Filter>lib\srdb1\schema</Filter>
    </Xml>
    <Xml Include="lib\srdb1\schema\kamailio-imc.xml">
      <Filter>lib\srdb1\schema</Filter>
    </Xml>
    <Xml Include="lib\srdb1\schema\kamailio-lcr.xml">
      <Filter>lib\srdb1\schema</Filter>
    </Xml>
    <Xml Include="lib\srdb1\schema\kamailio-matrix.xml">
      <Filter>lib\srdb1\schema</Filter>
    </Xml>
    <Xml Include="lib\srdb1\schema\kamailio-mohqueue.xml">
      <Filter>lib\srdb1\schema</Filter>
    </Xml>
    <Xml Include="lib\srdb1\schema\kamailio-msilo.xml">
      <Filter>lib\srdb1\schema</Filter>
    </Xml>
    <Xml Include="lib\srdb1\schema\kamailio-mtree.xml">
      <Filter>lib\srdb1\schema</Filter>
    </Xml>
    <Xml Include="lib\srdb1\schema\kamailio-pdt.xml">
      <Filter>lib\srdb1\schema</Filter>
    </Xml>
    <Xml Include="lib\srdb1\schema\kamailio-permissions.xml">
      <Filter>lib\srdb1\schema</Filter>
    </Xml>
    <Xml Include="lib\srdb1\schema\kamailio-pipelimit.xml">
      <Filter>lib\srdb1\schema</Filter>
    </Xml>
    <Xml Include="lib\srdb1\schema\kamailio-presence.xml">
      <Filter>lib\srdb1\schema</Filter>
    </Xml>
    <Xml Include="lib\srdb1\schema\kamailio-purple.xml">
      <Filter>lib\srdb1\schema</Filter>
    </Xml>
    <Xml Include="lib\srdb1\schema\kamailio-registrar.xml">
      <Filter>lib\srdb1\schema</Filter>
    </Xml>
    <Xml Include="lib\srdb1\schema\kamailio-rls.xml">
      <Filter>lib\srdb1\schema</Filter>
    </Xml>
    <Xml Include="lib\srdb1\schema\kamailio-rtpengine.xml">
      <Filter>lib\srdb1\schema</Filter>
    </Xml>
    <Xml Include="lib\srdb1\schema\kamailio-rtpproxy.xml">
      <Filter>lib\srdb1\schema</Filter>
    </Xml>
    <Xml Include="lib\srdb1\schema\kamailio-sca.xml">
      <Filter>lib\srdb1\schema</Filter>
    </Xml>
    <Xml Include="lib\srdb1\schema\kamailio-siptrace.xml">
      <Filter>lib\srdb1\schema</Filter>
    </Xml>
    <Xml Include="lib\srdb1\schema\kamailio-speeddial.xml">
      <Filter>lib\srdb1\schema</Filter>
    </Xml>
    <Xml Include="lib\srdb1\schema\kamailio-standard.xml">
      <Filter>lib\srdb1\schema</Filter>
    </Xml>
    <Xml Include="lib\srdb1\schema\kamailio-topos.xml">
      <Filter>lib\srdb1\schema</Filter>
    </Xml>
    <Xml Include="lib\srdb1\schema\kamailio-uac.xml">
      <Filter>lib\srdb1\schema</Filter>
    </Xml>
    <Xml Include="lib\srdb1\schema\kamailio-uid_auth_db.xml">
      <Filter>lib\srdb1\schema</Filter>
    </Xml>
    <Xml Include="lib\srdb1\schema\kamailio-uid_avp_db.xml">
      <Filter>lib\srdb1\schema</Filter>
    </Xml>
    <Xml Include="lib\srdb1\schema\kamailio-uid_domain.xml">
      <Filter>lib\srdb1\schema</Filter>
    </Xml>
    <Xml Include="lib\srdb1\schema\kamailio-uid_gflags.xml">
      <Filter>lib\srdb1\schema</Filter>
    </Xml>
    <Xml Include="lib\srdb1\schema\kamailio-uid_uri_db.xml">
      <Filter>lib\srdb1\schema</Filter>
    </Xml>
    <Xml Include="lib\srdb1\schema\kamailio-uri_db.xml">
      <Filter>lib\srdb1\schema</Filter>
    </Xml>
    <Xml Include="lib\srdb1\schema\kamailio-userblacklist.xml">
      <Filter>lib\srdb1\schema</Filter>
    </Xml>
    <Xml Include="lib\srdb1\schema\kamailio-usrloc.xml">
      <Filter>lib\srdb1\schema</Filter>
    </Xml>
    <Xml Include="lib\srdb1\schema\lcr_gw.xml">
      <Filter>lib\srdb1\schema</Filter>
    </Xml>
    <Xml Include="lib\srdb1\schema\lcr_rule.xml">
      <Filter>lib\srdb1\schema</Filter>
    </Xml>
    <Xml Include="lib\srdb1\schema\lcr_rule_target.xml">
      <Filter>lib\srdb1\schema</Filter>
    </Xml>
    <Xml Include="lib\srdb1\schema\location.xml">
      <Filter>lib\srdb1\schema</Filter>
    </Xml>
    <Xml Include="lib\srdb1\schema\location_attrs.xml">
      <Filter>lib\srdb1\schema</Filter>
    </Xml>
    <Xml Include="lib\srdb1\schema\matrix.xml">
      <Filter>lib\srdb1\schema</Filter>
    </Xml>
    <Xml Include="lib\srdb1\schema\missed_calls.xml">
      <Filter>lib\srdb1\schema</Filter>
    </Xml>
    <Xml Include="lib\srdb1\schema\mohqcalls.xml">
      <Filter>lib\srdb1\schema</Filter>
    </Xml>
    <Xml Include="lib\srdb1\schema\mohqueues.xml">
      <Filter>lib\srdb1\schema</Filter>
    </Xml>
    <Xml Include="lib\srdb1\schema\mtree.xml">
      <Filter>lib\srdb1\schema</Filter>
    </Xml>
    <Xml Include="lib\srdb1\schema\mtrees.xml">
      <Filter>lib\srdb1\schema</Filter>
    </Xml>
    <Xml Include="lib\srdb1\schema\pdt.xml">
      <Filter>lib\srdb1\schema</Filter>
    </Xml>
    <Xml Include="lib\srdb1\schema\pipelimit.xml">
      <Filter>lib\srdb1\schema</Filter>
    </Xml>
    <Xml Include="lib\srdb1\schema\pr_active_watchers.xml">
      <Filter>lib\srdb1\schema</Filter>
    </Xml>
    <Xml Include="lib\srdb1\schema\pr_presentity.xml">
      <Filter>lib\srdb1\schema</Filter>
    </Xml>
    <Xml Include="lib\srdb1\schema\pr_pua.xml">
      <Filter>lib\srdb1\schema</Filter>
    </Xml>
    <Xml Include="lib\srdb1\schema\pr_watchers.xml">
      <Filter>lib\srdb1\schema</Filter>
    </Xml>
    <Xml Include="lib\srdb1\schema\pr_xcap.xml">
      <Filter>lib\srdb1\schema</Filter>
    </Xml>
    <Xml Include="lib\srdb1\schema\purplemap.xml">
      <Filter>lib\srdb1\schema</Filter>
    </Xml>
    <Xml Include="lib\srdb1\schema\re_grp.xml">
      <Filter>lib\srdb1\schema</Filter>
    </Xml>
    <Xml Include="lib\srdb1\schema\rls_presentity.xml">
      <Filter>lib\srdb1\schema</Filter>
    </Xml>
    <Xml Include="lib\srdb1\schema\rls_watchers.xml">
      <Filter>lib\srdb1\schema</Filter>
    </Xml>
    <Xml Include="lib\srdb1\schema\rtpengine.xml">
      <Filter>lib\srdb1\schema</Filter>
    </Xml>
    <Xml Include="lib\srdb1\schema\rtpproxy.xml">
      <Filter>lib\srdb1\schema</Filter>
    </Xml>
    <Xml Include="lib\srdb1\schema\sca.xml">
      <Filter>lib\srdb1\schema</Filter>
    </Xml>
    <Xml Include="lib\srdb1\schema\secfilter.xml">
      <Filter>lib\srdb1\schema</Filter>
    </Xml>
    <Xml Include="lib\srdb1\schema\silo.xml">
      <Filter>lib\srdb1\schema</Filter>
    </Xml>
    <Xml Include="lib\srdb1\schema\sip_trace.xml">
      <Filter>lib\srdb1\schema</Filter>
    </Xml>
    <Xml Include="lib\srdb1\schema\speed_dial.xml">
      <Filter>lib\srdb1\schema</Filter>
    </Xml>
    <Xml Include="lib\srdb1\schema\subscriber.xml">
      <Filter>lib\srdb1\schema</Filter>
    </Xml>
    <Xml Include="lib\srdb1\schema\template.xml">
      <Filter>lib\srdb1\schema</Filter>
    </Xml>
    <Xml Include="lib\srdb1\schema\topos_d.xml">
      <Filter>lib\srdb1\schema</Filter>
    </Xml>
    <Xml Include="lib\srdb1\schema\topos_t.xml">
      <Filter>lib\srdb1\schema</Filter>
    </Xml>
    <Xml Include="lib\srdb1\schema\trusted.xml">
      <Filter>lib\srdb1\schema</Filter>
    </Xml>
    <Xml Include="lib\srdb1\schema\uacreg.xml">
      <Filter>lib\srdb1\schema</Filter>
    </Xml>
    <Xml Include="lib\srdb1\schema\uid_credentials.xml">
      <Filter>lib\srdb1\schema</Filter>
    </Xml>
    <Xml Include="lib\srdb1\schema\uid_domain.xml">
      <Filter>lib\srdb1\schema</Filter>
    </Xml>
    <Xml Include="lib\srdb1\schema\uid_domain_attrs.xml">
      <Filter>lib\srdb1\schema</Filter>
    </Xml>
    <Xml Include="lib\srdb1\schema\uid_global_attrs.xml">
      <Filter>lib\srdb1\schema</Filter>
    </Xml>
    <Xml Include="lib\srdb1\schema\uid_uri.xml">
      <Filter>lib\srdb1\schema</Filter>
    </Xml>
    <Xml Include="lib\srdb1\schema\uid_uri_attrs.xml">
      <Filter>lib\srdb1\schema</Filter>
    </Xml>
    <Xml Include="lib\srdb1\schema\uid_user_attrs.xml">
      <Filter>lib\srdb1\schema</Filter>
    </Xml>
    <Xml Include="lib\srdb1\schema\uri.xml">
      <Filter>lib\srdb1\schema</Filter>
    </Xml>
    <Xml Include="lib\srdb1\schema\userblacklist.xml">
      <Filter>lib\srdb1\schema</Filter>
    </Xml>
    <Xml Include="lib\srdb1\schema\usr_preferences.xml">
      <Filter>lib\srdb1\schema</Filter>
    </Xml>
    <Xml Include="lib\srdb1\schema\version.xml">
      <Filter>lib\srdb1\schema</Filter>
    </Xml>
    <Xml Include="lib\srdb2\schema\acc.xml">
      <Filter>lib\srdb2\schema</Filter>
    </Xml>
    <Xml Include="lib\srdb2\schema\aliases.xml">
      <Filter>lib\srdb2\schema</Filter>
    </Xml>
    <Xml Include="lib\srdb2\schema\attr_types.xml">
      <Filter>lib\srdb2\schema</Filter>
    </Xml>
    <Xml Include="lib\srdb2\schema\contact_attrs.xml">
      <Filter>lib\srdb2\schema</Filter>
    </Xml>
    <Xml Include="lib\srdb2\schema\cpl.xml">
      <Filter>lib\srdb2\schema</Filter>
    </Xml>
    <Xml Include="lib\srdb2\schema\credentials.xml">
      <Filter>lib\srdb2\schema</Filter>
    </Xml>
    <Xml Include="lib\srdb2\schema\customers.xml">
      <Filter>lib\srdb2\schema</Filter>
    </Xml>
    <Xml Include="lib\srdb2\schema\domain.xml">
      <Filter>lib\srdb2\schema</Filter>
    </Xml>
    <Xml Include="lib\srdb2\schema\domain_attrs.xml">
      <Filter>lib\srdb2\schema</Filter>
    </Xml>
    <Xml Include="lib\srdb2\schema\domain_settings.xml">
      <Filter>lib\srdb2\schema</Filter>
    </Xml>
    <Xml Include="lib\srdb2\schema\entities.xml">
      <Filter>lib\srdb2\schema</Filter>
    </Xml>
    <Xml Include="lib\srdb2\schema\extra_attrs.xml">
      <Filter>lib\srdb2\schema</Filter>
    </Xml>
    <Xml Include="lib\srdb2\schema\global_attrs.xml">
      <Filter>lib\srdb2\schema</Filter>
    </Xml>
    <Xml Include="lib\srdb2\schema\grp.xml">
      <Filter>lib\srdb2\schema</Filter>
    </Xml>
    <Xml Include="lib\srdb2\schema\gw.xml">
      <Filter>lib\srdb2\schema</Filter>
    </Xml>
    <Xml Include="lib\srdb2\schema\gw_grp.xml">
      <Filter>lib\srdb2\schema</Filter>
    </Xml>
    <Xml Include="lib\srdb2\schema\i18n.xml">
      <Filter>lib\srdb2\schema</Filter>
    </Xml>
    <Xml Include="lib\srdb2\schema\i18n-cs.xml">
      <Filter>lib\srdb2\schema</Filter>
    </Xml>
    <Xml Include="lib\srdb2\schema\i18n-en.xml">
      <Filter>lib\srdb2\schema</Filter>
    </Xml>
    <Xml Include="lib\srdb2\schema\ipmatch.xml">
      <Filter>lib\srdb2\schema</Filter>
    </Xml>
    <Xml Include="lib\srdb2\schema\lcr.xml">
      <Filter>lib\srdb2\schema</Filter>
    </Xml>
    <Xml Include="lib\srdb2\schema\location.xml">
      <Filter>lib\srdb2\schema</Filter>
    </Xml>
    <Xml Include="lib\srdb2\schema\missed_calls.xml">
      <Filter>lib\srdb2\schema</Filter>
    </Xml>
    <Xml Include="lib\srdb2\schema\offline_winfo.xml">
      <Filter>lib\srdb2\schema</Filter>
    </Xml>
    <Xml Include="lib\srdb2\schema\pdt.xml">
      <Filter>lib\srdb2\schema</Filter>
    </Xml>
    <Xml Include="lib\srdb2\schema\phonebook.xml">
      <Filter>lib\srdb2\schema</Filter>
    </Xml>
    <Xml Include="lib\srdb2\schema\presentity.xml">
      <Filter>lib\srdb2\schema</Filter>
    </Xml>
    <Xml Include="lib\srdb2\schema\presentity_contact.xml">
      <Filter>lib\srdb2\schema</Filter>
    </Xml>
    <Xml Include="lib\srdb2\schema\presentity_extensions.xml">
      <Filter>lib\srdb2\schema</Filter>
    </Xml>
    <Xml Include="lib\srdb2\schema\presentity_notes.xml">
      <Filter>lib\srdb2\schema</Filter>
    </Xml>
    <Xml Include="lib\srdb2\schema\rls_subscription.xml">
      <Filter>lib\srdb2\schema</Filter>
    </Xml>
    <Xml Include="lib\srdb2\schema\rls_vs.xml">
      <Filter>lib\srdb2\schema</Filter>
    </Xml>
    <Xml Include="lib\srdb2\schema\rls_vs_names.xml">
      <Filter>lib\srdb2\schema</Filter>
    </Xml>
    <Xml Include="lib\srdb2\schema\sd_attrs.xml">
      <Filter>lib\srdb2\schema</Filter>
    </Xml>
    <Xml Include="lib\srdb2\schema\ser.xml">
      <Filter>lib\srdb2\schema</Filter>
    </Xml>
    <Xml Include="lib\srdb2\schema\silo.xml">
      <Filter>lib\srdb2\schema</Filter>
    </Xml>
    <Xml Include="lib\srdb2\schema\speed_dial.xml">
      <Filter>lib\srdb2\schema</Filter>
    </Xml>
    <Xml Include="lib\srdb2\schema\trusted.xml">
      <Filter>lib\srdb2\schema</Filter>
    </Xml>
    <Xml Include="lib\srdb2\schema\tuple_extensions.xml">
      <Filter>lib\srdb2\schema</Filter>
    </Xml>
    <Xml Include="lib\srdb2\schema\tuple_notes.xml">
      <Filter>lib\srdb2\schema</Filter>
    </Xml>
    <Xml Include="lib\srdb2\schema\uri.xml">
      <Filter>lib\srdb2\schema</Filter>
    </Xml>
    <Xml Include="lib\srdb2\schema\uri_attrs.xml">
      <Filter>lib\srdb2\schema</Filter>
    </Xml>
    <Xml Include="lib\srdb2\schema\user_attrs.xml">
      <Filter>lib\srdb2\schema</Filter>
    </Xml>
    <Xml Include="lib\srdb2\schema\watcherinfo.xml">
      <Filter>lib\srdb2\schema</Filter>
    </Xml>
  </ItemGroup>
</Project>